
Microsoft Visual Studio Solution File, Format Version 12.00
# Visual Studio 15
VisualStudioVersion = 15.0.28307.1433
MinimumVisualStudioVersion = 10.0.40219.1
Project("{FAE04EC0-301F-11D3-BF4B-00C04F79EFBC}") = "Proyecto_PAV1_G5", "Proyecto_PAV1_G5\Proyecto_PAV1_G5.csproj", "{1BD1085E-5125-493B-BFC1-76817D533675}"
EndProject
Global
	GlobalSection(SolutionConfigurationPlatforms) = preSolution
		Debug|Any CPU = Debug|Any CPU
		Release|Any CPU = Release|Any CPU
	EndGlobalSection
	GlobalSection(ProjectConfigurationPlatforms) = postSolution
		{1BD1085E-5125-493B-BFC1-76817D533675}.Debug|Any CPU.ActiveCfg = Debug|Any CPU
		{1BD1085E-5125-493B-BFC1-76817D533675}.Debug|Any CPU.Build.0 = Debug|Any CPU
		{1BD1085E-5125-493B-BFC1-76817D533675}.Release|Any CPU.ActiveCfg = Release|Any CPU
		{1BD1085E-5125-493B-BFC1-76817D533675}.Release|Any CPU.Build.0 = Release|Any CPU
	EndGlobalSection
	GlobalSection(SolutionProperties) = preSolution
		HideSolutionNode = FALSE
	EndGlobalSection
	GlobalSection(ExtensibilityGlobals) = postSolution
		SolutionGuid = {25C91C79-21C4-4E15-8D5E-E7FD22AE1D79}
	EndGlobalSection
EndGlobal
